
Microsoft Visual Studio Solution File, Format Version 12.00
# Visual Studio Version 16
VisualStudioVersion = 16.0.810.3
MinimumVisualStudioVersion = 10.0.40219.1
Project("{FAE04EC0-301F-11D3-BF4B-00C04F79EFBC}") = "STRSOhioAnnualReporting", "STRSOhioAnnualReporting\STRSOhioAnnualReporting.csproj", "{0586A5A0-3215-4134-B328-EAB789DE3521}"
EndProject
Project("{FAE04EC0-301F-11D3-BF4B-00C04F79EFBC}") = "STRSOhioAnnualReportingTests", "STRSOhioAnnualReportingTests\STRSOhioAnnualReportingTests.csproj", "{437076B2-90FB-4445-A743-F8D0A86EB1E8}"
EndProject
Project("{FAE04EC0-301F-11D3-BF4B-00C04F79EFBC}") = "STRSConverter", "STRSConverter\STRSConverter.csproj", "{B86511E1-3650-406B-AFDD-F2AE3A30DD75}"
EndProject
Global
	GlobalSection(SolutionConfigurationPlatforms) = preSolution
		Debug|Any CPU = Debug|Any CPU
		Release|Any CPU = Release|Any CPU
	EndGlobalSection
	GlobalSection(ProjectConfigurationPlatforms) = postSolution
		{0586A5A0-3215-4134-B328-EAB789DE3521}.Debug|Any CPU.ActiveCfg = Debug|Any CPU
		{0586A5A0-3215-4134-B328-EAB789DE3521}.Debug|Any CPU.Build.0 = Debug|Any CPU
		{0586A5A0-3215-4134-B328-EAB789DE3521}.Release|Any CPU.ActiveCfg = Release|Any CPU
		{0586A5A0-3215-4134-B328-EAB789DE3521}.Release|Any CPU.Build.0 = Release|Any CPU
		{437076B2-90FB-4445-A743-F8D0A86EB1E8}.Debug|Any CPU.ActiveCfg = Debug|Any CPU
		{437076B2-90FB-4445-A743-F8D0A86EB1E8}.Debug|Any CPU.Build.0 = Debug|Any CPU
		{437076B2-90FB-4445-A743-F8D0A86EB1E8}.Release|Any CPU.ActiveCfg = Release|Any CPU
		{437076B2-90FB-4445-A743-F8D0A86EB1E8}.Release|Any CPU.Build.0 = Release|Any CPU
		{B86511E1-3650-406B-AFDD-F2AE3A30DD75}.Debug|Any CPU.ActiveCfg = Debug|Any CPU
		{B86511E1-3650-406B-AFDD-F2AE3A30DD75}.Debug|Any CPU.Build.0 = Debug|Any CPU
		{B86511E1-3650-406B-AFDD-F2AE3A30DD75}.Release|Any CPU.ActiveCfg = Release|Any CPU
		{B86511E1-3650-406B-AFDD-F2AE3A30DD75}.Release|Any CPU.Build.0 = Release|Any CPU
	EndGlobalSection
	GlobalSection(SolutionProperties) = preSolution
		HideSolutionNode = FALSE
	EndGlobalSection
	GlobalSection(ExtensibilityGlobals) = postSolution
		SolutionGuid = {179663AF-DAB5-489A-A3FE-B4D05DA45714}
	EndGlobalSection
EndGlobal
